
Microsoft Visual Studio Solution File, Format Version 12.00
# Visual Studio 15
Project("{FAE04EC0-301F-11D3-BF4B-00C04F79EFBC}") = "Assembly-CSharp", "Assembly-CSharp.csproj", "{FA21ADB6-18B9-E0F5-1C58-5AB027FE08E8}"
EndProject
Project("{FAE04EC0-301F-11D3-BF4B-00C04F79EFBC}") = "PhotonUnityNetworking.Utilities", "PhotonUnityNetworking.Utilities.csproj", "{971B95C8-48F0-2098-62BA-F08D9405AFF9}"
EndProject
Project("{FAE04EC0-301F-11D3-BF4B-00C04F79EFBC}") = "PhotonChat", "PhotonChat.csproj", "{D8A63A00-A337-B15A-5AC5-9187B4B973EE}"
EndProject
Project("{FAE04EC0-301F-11D3-BF4B-00C04F79EFBC}") = "PhotonUnityNetworking", "PhotonUnityNetworking.csproj", "{C54D84D8-5528-8161-4D0E-3F1E55DA2D3A}"
EndProject
Project("{FAE04EC0-301F-11D3-BF4B-00C04F79EFBC}") = "PhotonRealtime", "PhotonRealtime.csproj", "{7DE649EB-2A6E-4D6C-57D7-7964A26DD1CF}"
EndProject
Project("{FAE04EC0-301F-11D3-BF4B-00C04F79EFBC}") = "PhotonWebSocket", "PhotonWebSocket.csproj", "{ACC7DCF5-3FC9-9249-1119-89C5E059217F}"
EndProject
Project("{FAE04EC0-301F-11D3-BF4B-00C04F79EFBC}") = "PhotonUnityNetworking.Editor", "PhotonUnityNetworking.Editor.csproj", "{C907595F-CEA9-107A-1E0C-E9A50F811BC3}"
EndProject
Project("{FAE04EC0-301F-11D3-BF4B-00C04F79EFBC}") = "Assembly-CSharp-Editor", "Assembly-CSharp-Editor.csproj", "{1E720BE4-EEA7-58AC-8FA8-F895A797BCFA}"
EndProject
Project("{FAE04EC0-301F-11D3-BF4B-00C04F79EFBC}") = "PhotonUnityNetworking.Utilities.PhotonPlayer.Editor", "PhotonUnityNetworking.Utilities.PhotonPlayer.Editor.csproj", "{3F5926E8-E580-4C95-7511-575001B3B80B}"
EndProject
Project("{FAE04EC0-301F-11D3-BF4B-00C04F79EFBC}") = "PhotonUnityNetworking.Utilities.Culling.Editor", "PhotonUnityNetworking.Utilities.Culling.Editor.csproj", "{7F154FD2-4EC3-E80F-A67B-000E8952B129}"
EndProject
Global
	GlobalSection(SolutionConfigurationPlatforms) = preSolution
		Debug|Any CPU = Debug|Any CPU
		Release|Any CPU = Release|Any CPU
	EndGlobalSection
	GlobalSection(ProjectConfigurationPlatforms) = postSolution
		{FA21ADB6-18B9-E0F5-1C58-5AB027FE08E8}.Debug|Any CPU.ActiveCfg = Debug|Any CPU
		{FA21ADB6-18B9-E0F5-1C58-5AB027FE08E8}.Debug|Any CPU.Build.0 = Debug|Any CPU
		{FA21ADB6-18B9-E0F5-1C58-5AB027FE08E8}.Release|Any CPU.ActiveCfg = Release|Any CPU
		{FA21ADB6-18B9-E0F5-1C58-5AB027FE08E8}.Release|Any CPU.Build.0 = Release|Any CPU
		{971B95C8-48F0-2098-62BA-F08D9405AFF9}.Debug|Any CPU.ActiveCfg = Debug|Any CPU
		{971B95C8-48F0-2098-62BA-F08D9405AFF9}.Debug|Any CPU.Build.0 = Debug|Any CPU
		{971B95C8-48F0-2098-62BA-F08D9405AFF9}.Release|Any CPU.ActiveCfg = Release|Any CPU
		{971B95C8-48F0-2098-62BA-F08D9405AFF9}.Release|Any CPU.Build.0 = Release|Any CPU
		{D8A63A00-A337-B15A-5AC5-9187B4B973EE}.Debug|Any CPU.ActiveCfg = Debug|Any CPU
		{D8A63A00-A337-B15A-5AC5-9187B4B973EE}.Debug|Any CPU.Build.0 = Debug|Any CPU
		{D8A63A00-A337-B15A-5AC5-9187B4B973EE}.Release|Any CPU.ActiveCfg = Release|Any CPU
		{D8A63A00-A337-B15A-5AC5-9187B4B973EE}.Release|Any CPU.Build.0 = Release|Any CPU
		{C54D84D8-5528-8161-4D0E-3F1E55DA2D3A}.Debug|Any CPU.ActiveCfg = Debug|Any CPU
		{C54D84D8-5528-8161-4D0E-3F1E55DA2D3A}.Debug|Any CPU.Build.0 = Debug|Any CPU
		{C54D84D8-5528-8161-4D0E-3F1E55DA2D3A}.Release|Any CPU.ActiveCfg = Release|Any CPU
		{C54D84D8-5528-8161-4D0E-3F1E55DA2D3A}.Release|Any CPU.Build.0 = Release|Any CPU
		{7DE649EB-2A6E-4D6C-57D7-7964A26DD1CF}.Debug|Any CPU.ActiveCfg = Debug|Any CPU
		{7DE649EB-2A6E-4D6C-57D7-7964A26DD1CF}.Debug|Any CPU.Build.0 = Debug|Any CPU
		{7DE649EB-2A6E-4D6C-57D7-7964A26DD1CF}.Release|Any CPU.ActiveCfg = Release|Any CPU
		{7DE649EB-2A6E-4D6C-57D7-7964A26DD1CF}.Release|Any CPU.Build.0 = Release|Any CPU
		{ACC7DCF5-3FC9-9249-1119-89C5E059217F}.Debug|Any CPU.ActiveCfg = Debug|Any CPU
		{ACC7DCF5-3FC9-9249-1119-89C5E059217F}.Debug|Any CPU.Build.0 = Debug|Any CPU
		{ACC7DCF5-3FC9-9249-1119-89C5E059217F}.Release|Any CPU.ActiveCfg = Release|Any CPU
		{ACC7DCF5-3FC9-9249-1119-89C5E059217F}.Release|Any CPU.Build.0 = Release|Any CPU
		{C907595F-CEA9-107A-1E0C-E9A50F811BC3}.Debug|Any CPU.ActiveCfg = Debug|Any CPU
		{C907595F-CEA9-107A-1E0C-E9A50F811BC3}.Debug|Any CPU.Build.0 = Debug|Any CPU
		{C907595F-CEA9-107A-1E0C-E9A50F811BC3}.Release|Any CPU.ActiveCfg = Release|Any CPU
		{C907595F-CEA9-107A-1E0C-E9A50F811BC3}.Release|Any CPU.Build.0 = Release|Any CPU
		{1E720BE4-EEA7-58AC-8FA8-F895A797BCFA}.Debug|Any CPU.ActiveCfg = Debug|Any CPU
		{1E720BE4-EEA7-58AC-8FA8-F895A797BCFA}.Debug|Any CPU.Build.0 = Debug|Any CPU
		{1E720BE4-EEA7-58AC-8FA8-F895A797BCFA}.Release|Any CPU.ActiveCfg = Release|Any CPU
		{1E720BE4-EEA7-58AC-8FA8-F895A797BCFA}.Release|Any CPU.Build.0 = Release|Any CPU
		{3F5926E8-E580-4C95-7511-575001B3B80B}.Debug|Any CPU.ActiveCfg = Debug|Any CPU
		{3F5926E8-E580-4C95-7511-575001B3B80B}.Debug|Any CPU.Build.0 = Debug|Any CPU
		{3F5926E8-E580-4C95-7511-575001B3B80B}.Release|Any CPU.ActiveCfg = Release|Any CPU
		{3F5926E8-E580-4C95-7511-575001B3B80B}.Release|Any CPU.Build.0 = Release|Any CPU
		{7F154FD2-4EC3-E80F-A67B-000E8952B129}.Debug|Any CPU.ActiveCfg = Debug|Any CPU
		{7F154FD2-4EC3-E80F-A67B-000E8952B129}.Debug|Any CPU.Build.0 = Debug|Any CPU
		{7F154FD2-4EC3-E80F-A67B-000E8952B129}.Release|Any CPU.ActiveCfg = Release|Any CPU
		{7F154FD2-4EC3-E80F-A67B-000E8952B129}.Release|Any CPU.Build.0 = Release|Any CPU
	EndGlobalSection
	GlobalSection(SolutionProperties) = preSolution
		HideSolutionNode = FALSE
	EndGlobalSection
	GlobalSection(MonoDevelopProperties) = preSolution
		StartupItem = Assembly-CSharp.csproj
	EndGlobalSection
EndGlobal
